
Microsoft Visual Studio Solution File, Format Version 12.00
# Visual Studio Version 17
VisualStudioVersion = 17.1.32228.430
MinimumVisualStudioVersion = 10.0.40219.1
Project("{9A19103F-16F7-4668-BE54-9A1E7A4F7556}") = "Aveneo_zadanie", "Aveneo_zadanie\Aveneo_zadanie.csproj", "{77FD7F08-AD61-4C1A-A4D3-4181EDF1AD7C}"
EndProject
Project("{9A19103F-16F7-4668-BE54-9A1E7A4F7556}") = "NUnit.Test", "NUnit.Test\NUnit.Test.csproj", "{7477214E-18B6-4DD5-A780-094AA6A5A888}"
EndProject
Global
	GlobalSection(SolutionConfigurationPlatforms) = preSolution
		Debug|Any CPU = Debug|Any CPU
		Release|Any CPU = Release|Any CPU
	EndGlobalSection
	GlobalSection(ProjectConfigurationPlatforms) = postSolution
		{77FD7F08-AD61-4C1A-A4D3-4181EDF1AD7C}.Debug|Any CPU.ActiveCfg = Debug|Any CPU
		{77FD7F08-AD61-4C1A-A4D3-4181EDF1AD7C}.Debug|Any CPU.Build.0 = Debug|Any CPU
		{77FD7F08-AD61-4C1A-A4D3-4181EDF1AD7C}.Release|Any CPU.ActiveCfg = Release|Any CPU
		{77FD7F08-AD61-4C1A-A4D3-4181EDF1AD7C}.Release|Any CPU.Build.0 = Release|Any CPU
		{7477214E-18B6-4DD5-A780-094AA6A5A888}.Debug|Any CPU.ActiveCfg = Debug|Any CPU
		{7477214E-18B6-4DD5-A780-094AA6A5A888}.Debug|Any CPU.Build.0 = Debug|Any CPU
		{7477214E-18B6-4DD5-A780-094AA6A5A888}.Release|Any CPU.ActiveCfg = Release|Any CPU
		{7477214E-18B6-4DD5-A780-094AA6A5A888}.Release|Any CPU.Build.0 = Release|Any CPU
	EndGlobalSection
	GlobalSection(SolutionProperties) = preSolution
		HideSolutionNode = FALSE
	EndGlobalSection
	GlobalSection(ExtensibilityGlobals) = postSolution
		SolutionGuid = {1BCDBB73-AF73-4180-87A8-3DC726FC2887}
	EndGlobalSection
EndGlobal
